
Microsoft Visual Studio Solution File, Format Version 12.00
Project("{FAE04EC0-301F-11D3-BF4B-00C04F79EFBC}") = "CrossAccord", "CrossAccord\CrossAccord.csproj", "{54108202-9697-4185-9211-8ACEBA52DE73}"
EndProject
Project("{FAE04EC0-301F-11D3-BF4B-00C04F79EFBC}") = "CrossAccord.Common", "CrossAccord.Common\CrossAccord.Common.csproj", "{831AB6D3-61E4-43FE-814C-CEC1F2641F06}"
EndProject
Project("{FAE04EC0-301F-11D3-BF4B-00C04F79EFBC}") = "CrossAccord.Generator", "CrossAccord.Generator\CrossAccord.Generator\CrossAccord.Generator.csproj", "{6262E7FC-9ED8-4CCC-B1E1-2C4F6D182C26}"
EndProject
Project("{FAE04EC0-301F-11D3-BF4B-00C04F79EFBC}") = "CrossAccord.Sample", "CrossAccord.Sample\CrossAccord.Sample.csproj", "{72C5522D-D786-4DA5-B067-2410366116FE}"
EndProject
Project("{FAE04EC0-301F-11D3-BF4B-00C04F79EFBC}") = "CrossAccord.Builder", "CrossAccord.Builder\CrossAccord.Builder.csproj", "{7A974B7E-14EC-4AF9-A27F-94DC69AE7E67}"
EndProject
Project("{FAE04EC0-301F-11D3-BF4B-00C04F79EFBC}") = "CrossAccord.Tests", "CrossAccord.Tests\CrossAccord.Tests.csproj", "{FFDEE839-A1C7-404E-8C36-42651969D9E0}"
EndProject
Project("{FAE04EC0-301F-11D3-BF4B-00C04F79EFBC}") = "CrossAccord.Console", "CrossAccord.Console\CrossAccord.Console.csproj", "{2CAFC4B1-8219-4D2C-B45E-3B9E6621DC27}"
EndProject
Project("{FAE04EC0-301F-11D3-BF4B-00C04F79EFBC}") = "CrossAccord.Unity", "CrossAccord.Unity\CrossAccord.Unity.csproj", "{9B56957B-D4EF-483A-95FF-5333F447AD79}"
EndProject
Global
	GlobalSection(SolutionConfigurationPlatforms) = preSolution
		Debug|Any CPU = Debug|Any CPU
		Release|Any CPU = Release|Any CPU
	EndGlobalSection
	GlobalSection(ProjectConfigurationPlatforms) = postSolution
		{54108202-9697-4185-9211-8ACEBA52DE73}.Debug|Any CPU.ActiveCfg = Debug|Any CPU
		{54108202-9697-4185-9211-8ACEBA52DE73}.Debug|Any CPU.Build.0 = Debug|Any CPU
		{54108202-9697-4185-9211-8ACEBA52DE73}.Release|Any CPU.ActiveCfg = Release|Any CPU
		{54108202-9697-4185-9211-8ACEBA52DE73}.Release|Any CPU.Build.0 = Release|Any CPU
		{831AB6D3-61E4-43FE-814C-CEC1F2641F06}.Debug|Any CPU.ActiveCfg = Debug|Any CPU
		{831AB6D3-61E4-43FE-814C-CEC1F2641F06}.Debug|Any CPU.Build.0 = Debug|Any CPU
		{831AB6D3-61E4-43FE-814C-CEC1F2641F06}.Release|Any CPU.ActiveCfg = Release|Any CPU
		{831AB6D3-61E4-43FE-814C-CEC1F2641F06}.Release|Any CPU.Build.0 = Release|Any CPU
		{6262E7FC-9ED8-4CCC-B1E1-2C4F6D182C26}.Debug|Any CPU.ActiveCfg = Debug|Any CPU
		{6262E7FC-9ED8-4CCC-B1E1-2C4F6D182C26}.Debug|Any CPU.Build.0 = Debug|Any CPU
		{6262E7FC-9ED8-4CCC-B1E1-2C4F6D182C26}.Release|Any CPU.ActiveCfg = Release|Any CPU
		{6262E7FC-9ED8-4CCC-B1E1-2C4F6D182C26}.Release|Any CPU.Build.0 = Release|Any CPU
		{72C5522D-D786-4DA5-B067-2410366116FE}.Debug|Any CPU.ActiveCfg = Debug|Any CPU
		{72C5522D-D786-4DA5-B067-2410366116FE}.Debug|Any CPU.Build.0 = Debug|Any CPU
		{72C5522D-D786-4DA5-B067-2410366116FE}.Release|Any CPU.ActiveCfg = Release|Any CPU
		{72C5522D-D786-4DA5-B067-2410366116FE}.Release|Any CPU.Build.0 = Release|Any CPU
		{7A974B7E-14EC-4AF9-A27F-94DC69AE7E67}.Debug|Any CPU.ActiveCfg = Debug|Any CPU
		{7A974B7E-14EC-4AF9-A27F-94DC69AE7E67}.Debug|Any CPU.Build.0 = Debug|Any CPU
		{7A974B7E-14EC-4AF9-A27F-94DC69AE7E67}.Release|Any CPU.ActiveCfg = Release|Any CPU
		{7A974B7E-14EC-4AF9-A27F-94DC69AE7E67}.Release|Any CPU.Build.0 = Release|Any CPU
		{FFDEE839-A1C7-404E-8C36-42651969D9E0}.Debug|Any CPU.ActiveCfg = Debug|Any CPU
		{FFDEE839-A1C7-404E-8C36-42651969D9E0}.Debug|Any CPU.Build.0 = Debug|Any CPU
		{FFDEE839-A1C7-404E-8C36-42651969D9E0}.Release|Any CPU.ActiveCfg = Release|Any CPU
		{FFDEE839-A1C7-404E-8C36-42651969D9E0}.Release|Any CPU.Build.0 = Release|Any CPU
		{2CAFC4B1-8219-4D2C-B45E-3B9E6621DC27}.Debug|Any CPU.ActiveCfg = Debug|Any CPU
		{2CAFC4B1-8219-4D2C-B45E-3B9E6621DC27}.Debug|Any CPU.Build.0 = Debug|Any CPU
		{2CAFC4B1-8219-4D2C-B45E-3B9E6621DC27}.Release|Any CPU.ActiveCfg = Release|Any CPU
		{2CAFC4B1-8219-4D2C-B45E-3B9E6621DC27}.Release|Any CPU.Build.0 = Release|Any CPU
		{9B56957B-D4EF-483A-95FF-5333F447AD79}.Debug|Any CPU.ActiveCfg = Debug|Any CPU
		{9B56957B-D4EF-483A-95FF-5333F447AD79}.Debug|Any CPU.Build.0 = Debug|Any CPU
		{9B56957B-D4EF-483A-95FF-5333F447AD79}.Release|Any CPU.ActiveCfg = Release|Any CPU
		{9B56957B-D4EF-483A-95FF-5333F447AD79}.Release|Any CPU.Build.0 = Release|Any CPU
	EndGlobalSection
EndGlobal
